
Microsoft Visual Studio Solution File, Format Version 12.00
# Visual Studio Version 17
VisualStudioVersion = 17.6.33829.357
MinimumVisualStudioVersion = 10.0.40219.1
Project("{9A19103F-16F7-4668-BE54-9A1E7A4F7556}") = "byenipinar_MTCG", "byenipinar_MTCG.csproj", "{6B0947D6-CE9E-4773-B8CA-6178E3118202}"
EndProject
Global
	GlobalSection(SolutionConfigurationPlatforms) = preSolution
		Debug|Any CPU = Debug|Any CPU
		Release|Any CPU = Release|Any CPU
	EndGlobalSection
	GlobalSection(ProjectConfigurationPlatforms) = postSolution
		{6B0947D6-CE9E-4773-B8CA-6178E3118202}.Debug|Any CPU.ActiveCfg = Debug|Any CPU
		{6B0947D6-CE9E-4773-B8CA-6178E3118202}.Debug|Any CPU.Build.0 = Debug|Any CPU
		{6B0947D6-CE9E-4773-B8CA-6178E3118202}.Release|Any CPU.ActiveCfg = Release|Any CPU
		{6B0947D6-CE9E-4773-B8CA-6178E3118202}.Release|Any CPU.Build.0 = Release|Any CPU
	EndGlobalSection
	GlobalSection(SolutionProperties) = preSolution
		HideSolutionNode = FALSE
	EndGlobalSection
	GlobalSection(ExtensibilityGlobals) = postSolution
		SolutionGuid = {31A0035F-D94D-44D3-BFE8-D435C1BB7098}
	EndGlobalSection
EndGlobal
